
Microsoft Visual Studio Solution File, Format Version 12.00
# Visual Studio Version 17
VisualStudioVersion = 17.14.36623.8 d17.14
MinimumVisualStudioVersion = 10.0.40219.1
Project("{FAE04EC0-301F-11D3-BF4B-00C04F79EFBC}") = "Web_dPanel_Backend", "Web_dPanel_Backend\Web_dPanel_Backend.csproj", "{249B7115-9642-48AA-9237-69835E67FBA6}"
EndProject
Global
	GlobalSection(SolutionConfigurationPlatforms) = preSolution
		Debug|Any CPU = Debug|Any CPU
		Release|Any CPU = Release|Any CPU
	EndGlobalSection
	GlobalSection(ProjectConfigurationPlatforms) = postSolution
		{249B7115-9642-48AA-9237-69835E67FBA6}.Debug|Any CPU.ActiveCfg = Debug|Any CPU
		{249B7115-9642-48AA-9237-69835E67FBA6}.Debug|Any CPU.Build.0 = Debug|Any CPU
		{249B7115-9642-48AA-9237-69835E67FBA6}.Release|Any CPU.ActiveCfg = Release|Any CPU
		{249B7115-9642-48AA-9237-69835E67FBA6}.Release|Any CPU.Build.0 = Release|Any CPU
	EndGlobalSection
	GlobalSection(SolutionProperties) = preSolution
		HideSolutionNode = FALSE
	EndGlobalSection
	GlobalSection(ExtensibilityGlobals) = postSolution
		SolutionGuid = {1AA21C67-0195-4711-87DC-6E2A003F5849}
	EndGlobalSection
EndGlobal
